// !$*UTF8*$!
{
	archiveVersion = 1;
	classes = {
	};
	objectVersion = 46;
	objects = {

/* Begin PBXBuildFile section */
		E019EFF319B733D600F96406 /* Foundation.framework in Frameworks */ = {isa = PBXBuildFile; fileRef = E019EFF219B733D600F96406 /* Foundation.framework */; };
		E019EFF519B733D600F96406 /* CoreGraphics.framework in Frameworks */ = {isa = PBXBuildFile; fileRef = E019EFF419B733D600F96406 /* CoreGraphics.framework */; };
		E019EFF719B733D600F96406 /* UIKit.framework in Frameworks */ = {isa = PBXBuildFile; fileRef = E019EFF619B733D600F96406 /* UIKit.framework */; };
		E019EFFD19B733D600F96406 /* InfoPlist.strings in Resources */ = {isa = PBXBuildFile; fileRef = E019EFFB19B733D600F96406 /* InfoPlist.strings */; };
		E019EFFF19B733D600F96406 /* main.m in Sources */ = {isa = PBXBuildFile; fileRef = E019EFFE19B733D600F96406 /* main.m */; };
		E019F00319B733D600F96406 /* SAMAppDelegate.m in Sources */ = {isa = PBXBuildFile; fileRef = E019F00219B733D600F96406 /* SAMAppDelegate.m */; };
		E019F00619B733D600F96406 /* Main.storyboard in Resources */ = {isa = PBXBuildFile; fileRef = E019F00419B733D600F96406 /* Main.storyboard */; };
		E019F00919B733D600F96406 /* SAMViewController.m in Sources */ = {isa = PBXBuildFile; fileRef = E019F00819B733D600F96406 /* SAMViewController.m */; };
		E019F00B19B733D600F96406 /* Images.xcassets in Resources */ = {isa = PBXBuildFile; fileRef = E019F00A19B733D600F96406 /* Images.xcassets */; };
		E019F01219B733D600F96406 /* XCTest.framework in Frameworks */ = {isa = PBXBuildFile; fileRef = E019F01119B733D600F96406 /* XCTest.framework */; };
		E019F01319B733D600F96406 /* Foundation.framework in Frameworks */ = {isa = PBXBuildFile; fileRef = E019EFF219B733D600F96406 /* Foundation.framework */; };
		E019F01419B733D600F96406 /* UIKit.framework in Frameworks */ = {isa = PBXBuildFile; fileRef = E019EFF619B733D600F96406 /* UIKit.framework */; };
		E019F01C19B733D600F96406 /* InfoPlist.strings in Resources */ = {isa = PBXBuildFile; fileRef = E019F01A19B733D600F96406 /* InfoPlist.strings */; };
		E019F01E19B733D600F96406 /* SAMCategoryTests.m in Sources */ = {isa = PBXBuildFile; fileRef = E019F01D19B733D600F96406 /* SAMCategoryTests.m */; };
		E04785461AA24268002BA96F /* UILabel+Additional.m in Sources */ = {isa = PBXBuildFile; fileRef = E04785451AA24268002BA96F /* UILabel+Additional.m */; };
		E04785481AA244FD002BA96F /* pattern.png in Resources */ = {isa = PBXBuildFile; fileRef = E04785471AA244FD002BA96F /* pattern.png */; };
		E058382E19E81FC900A27617 /* NSData+Conversion.m in Sources */ = {isa = PBXBuildFile; fileRef = E058381919E81FC900A27617 /* NSData+Conversion.m */; };
		E058382F19E81FC900A27617 /* NSDate+Additional.m in Sources */ = {isa = PBXBuildFile; fileRef = E058381B19E81FC900A27617 /* NSDate+Additional.m */; };
		E058383019E81FC900A27617 /* NSObject+Additional.m in Sources */ = {isa = PBXBuildFile; fileRef = E058381D19E81FC900A27617 /* NSObject+Additional.m */; };
		E058383119E81FC900A27617 /* NSString+Additional.m in Sources */ = {isa = PBXBuildFile; fileRef = E058381F19E81FC900A27617 /* NSString+Additional.m */; };
		E058383219E81FC900A27617 /* SAMUtility.m in Sources */ = {isa = PBXBuildFile; fileRef = E058382119E81FC900A27617 /* SAMUtility.m */; };
		E058383319E81FC900A27617 /* UIAlertView+Additional.m in Sources */ = {isa = PBXBuildFile; fileRef = E058382319E81FC900A27617 /* UIAlertView+Additional.m */; };
		E058383419E81FC900A27617 /* UIApplication+Additional.m in Sources */ = {isa = PBXBuildFile; fileRef = E058382519E81FC900A27617 /* UIApplication+Additional.m */; };
		E058383519E81FC900A27617 /* UIColor+Additional.m in Sources */ = {isa = PBXBuildFile; fileRef = E058382719E81FC900A27617 /* UIColor+Additional.m */; };
		E058383619E81FC900A27617 /* UIImage+Additional.m in Sources */ = {isa = PBXBuildFile; fileRef = E058382919E81FC900A27617 /* UIImage+Additional.m */; };
		E058383719E81FC900A27617 /* UIView+Additional.m in Sources */ = {isa = PBXBuildFile; fileRef = E058382B19E81FC900A27617 /* UIView+Additional.m */; };
		E058383819E81FC900A27617 /* UIViewController+Addition.m in Sources */ = {isa = PBXBuildFile; fileRef = E058382D19E81FC900A27617 /* UIViewController+Addition.m */; };
		E08523631A4D2E3B00FFF492 /* NSMutableArray+Addition.m in Sources */ = {isa = PBXBuildFile; fileRef = E08523621A4D2E3B00FFF492 /* NSMutableArray+Addition.m */; };
/* End PBXBuildFile section */

/* Begin PBXContainerItemProxy section */
		E019F01519B733D600F96406 /* PBXContainerItemProxy */ = {
			isa = PBXContainerItemProxy;
			containerPortal = E019EFE719B733D600F96406 /* Project object */;
			proxyType = 1;
			remoteGlobalIDString = E019EFEE19B733D600F96406;
			remoteInfo = SAMCategory;
		};
/* End PBXContainerItemProxy section */

/* Begin PBXFileReference section */
		E019EFEF19B733D600F96406 /* SAMCategory.app */ = {isa = PBXFileReference; explicitFileType = wrapper.application; includeInIndex = 0; path = SAMCategory.app; sourceTree = BUILT_PRODUCTS_DIR; };
		E019EFF219B733D600F96406 /* Foundation.framework */ = {isa = PBXFileReference; lastKnownFileType = wrapper.framework; name = Foundation.framework; path = System/Library/Frameworks/Foundation.framework; sourceTree = SDKROOT; };
		E019EFF419B733D600F96406 /* CoreGraphics.framework */ = {isa = PBXFileReference; lastKnownFileType = wrapper.framework; name = CoreGraphics.framework; path = System/Library/Frameworks/CoreGraphics.framework; sourceTree = SDKROOT; };
		E019EFF619B733D600F96406 /* UIKit.framework */ = {isa = PBXFileReference; lastKnownFileType = wrapper.framework; name = UIKit.framework; path = System/Library/Frameworks/UIKit.framework; sourceTree = SDKROOT; };
		E019EFFA19B733D600F96406 /* SAMCategory-Info.plist */ = {isa = PBXFileReference; lastKnownFileType = text.plist.xml; path = "SAMCategory-Info.plist"; sourceTree = "<group>"; };
		E019EFFC19B733D600F96406 /* en */ = {isa = PBXFileReference; lastKnownFileType = text.plist.strings; name = en; path = en.lproj/InfoPlist.strings; sourceTree = "<group>"; };
		E019EFFE19B733D600F96406 /* main.m */ = {isa = PBXFileReference; lastKnownFileType = sourcecode.c.objc; path = main.m; sourceTree = "<group>"; };
		E019F00019B733D600F96406 /* SAMCategory-Prefix.pch */ = {isa = PBXFileReference; lastKnownFileType = sourcecode.c.h; path = "SAMCategory-Prefix.pch"; sourceTree = "<group>"; };
		E019F00119B733D600F96406 /* SAMAppDelegate.h */ = {isa = PBXFileReference; lastKnownFileType = sourcecode.c.h; path = SAMAppDelegate.h; sourceTree = "<group>"; };
		E019F00219B733D600F96406 /* SAMAppDelegate.m */ = {isa = PBXFileReference; lastKnownFileType = sourcecode.c.objc; path = SAMAppDelegate.m; sourceTree = "<group>"; };
		E019F00519B733D600F96406 /* Base */ = {isa = PBXFileReference; lastKnownFileType = file.storyboard; name = Base; path = Base.lproj/Main.storyboard; sourceTree = "<group>"; };
		E019F00719B733D600F96406 /* SAMViewController.h */ = {isa = PBXFileReference; lastKnownFileType = sourcecode.c.h; path = SAMViewController.h; sourceTree = "<group>"; };
		E019F00819B733D600F96406 /* SAMViewController.m */ = {isa = PBXFileReference; lastKnownFileType = sourcecode.c.objc; path = SAMViewController.m; sourceTree = "<group>"; };
		E019F00A19B733D600F96406 /* Images.xcassets */ = {isa = PBXFileReference; lastKnownFileType = folder.assetcatalog; path = Images.xcassets; sourceTree = "<group>"; };
		E019F01019B733D600F96406 /* SAMCategoryTests.xctest */ = {isa = PBXFileReference; explicitFileType = wrapper.cfbundle; includeInIndex = 0; path = SAMCategoryTests.xctest; sourceTree = BUILT_PRODUCTS_DIR; };
		E019F01119B733D600F96406 /* XCTest.framework */ = {isa = PBXFileReference; lastKnownFileType = wrapper.framework; name = XCTest.framework; path = Library/Frameworks/XCTest.framework; sourceTree = DEVELOPER_DIR; };
		E019F01919B733D600F96406 /* SAMCategoryTests-Info.plist */ = {isa = PBXFileReference; lastKnownFileType = text.plist.xml; path = "SAMCategoryTests-Info.plist"; sourceTree = "<group>"; };
		E019F01B19B733D600F96406 /* en */ = {isa = PBXFileReference; lastKnownFileType = text.plist.strings; name = en; path = en.lproj/InfoPlist.strings; sourceTree = "<group>"; };
		E019F01D19B733D600F96406 /* SAMCategoryTests.m */ = {isa = PBXFileReference; lastKnownFileType = sourcecode.c.objc; path = SAMCategoryTests.m; sourceTree = "<group>"; };
		E04785441AA24268002BA96F /* UILabel+Additional.h */ = {isa = PBXFileReference; fileEncoding = 4; lastKnownFileType = sourcecode.c.h; path = "UILabel+Additional.h"; sourceTree = "<group>"; };
		E04785451AA24268002BA96F /* UILabel+Additional.m */ = {isa = PBXFileReference; fileEncoding = 4; lastKnownFileType = sourcecode.c.objc; path = "UILabel+Additional.m"; sourceTree = "<group>"; };
		E04785471AA244FD002BA96F /* pattern.png */ = {isa = PBXFileReference; lastKnownFileType = image.png; path = pattern.png; sourceTree = "<group>"; };
		E058381719E81FC900A27617 /* Categories.h */ = {isa = PBXFileReference; fileEncoding = 4; lastKnownFileType = sourcecode.c.h; path = Categories.h; sourceTree = "<group>"; };
		E058381819E81FC900A27617 /* NSData+Conversion.h */ = {isa = PBXFileReference; fileEncoding = 4; lastKnownFileType = sourcecode.c.h; path = "NSData+Conversion.h"; sourceTree = "<group>"; };
		E058381919E81FC900A27617 /* NSData+Conversion.m */ = {isa = PBXFileReference; fileEncoding = 4; lastKnownFileType = sourcecode.c.objc; path = "NSData+Conversion.m"; sourceTree = "<group>"; };
		E058381A19E81FC900A27617 /* NSDate+Additional.h */ = {isa = PBXFileReference; fileEncoding = 4; lastKnownFileType = sourcecode.c.h; path = "NSDate+Additional.h"; sourceTree = "<group>"; };
		E058381B19E81FC900A27617 /* NSDate+Additional.m */ = {isa = PBXFileReference; fileEncoding = 4; lastKnownFileType = sourcecode.c.objc; path = "NSDate+Additional.m"; sourceTree = "<group>"; };
		E058381C19E81FC900A27617 /* NSObject+Additional.h */ = {isa = PBXFileReference; fileEncoding = 4; lastKnownFileType = sourcecode.c.h; path = "NSObject+Additional.h"; sourceTree = "<group>"; };
		E058381D19E81FC900A27617 /* NSObject+Additional.m */ = {isa = PBXFileReference; fileEncoding = 4; lastKnownFileType = sourcecode.c.objc; path = "NSObject+Additional.m"; sourceTree = "<group>"; };
		E058381E19E81FC900A27617 /* NSString+Additional.h */ = {isa = PBXFileReference; fileEncoding = 4; lastKnownFileType = sourcecode.c.h; path = "NSString+Additional.h"; sourceTree = "<group>"; };
		E058381F19E81FC900A27617 /* NSString+Additional.m */ = {isa = PBXFileReference; fileEncoding = 4; lastKnownFileType = sourcecode.c.objc; path = "NSString+Additional.m"; sourceTree = "<group>"; };
		E058382019E81FC900A27617 /* SAMUtility.h */ = {isa = PBXFileReference; fileEncoding = 4; lastKnownFileType = sourcecode.c.h; path = SAMUtility.h; sourceTree = "<group>"; };
		E058382119E81FC900A27617 /* SAMUtility.m */ = {isa = PBXFileReference; fileEncoding = 4; lastKnownFileType = sourcecode.c.objc; path = SAMUtility.m; sourceTree = "<group>"; };
		E058382219E81FC900A27617 /* UIAlertView+Additional.h */ = {isa = PBXFileReference; fileEncoding = 4; lastKnownFileType = sourcecode.c.h; path = "UIAlertView+Additional.h"; sourceTree = "<group>"; };
		E058382319E81FC900A27617 /* UIAlertView+Additional.m */ = {isa = PBXFileReference; fileEncoding = 4; lastKnownFileType = sourcecode.c.objc; path = "UIAlertView+Additional.m"; sourceTree = "<group>"; };
		E058382419E81FC900A27617 /* UIApplication+Additional.h */ = {isa = PBXFileReference; fileEncoding = 4; lastKnownFileType = sourcecode.c.h; path = "UIApplication+Additional.h"; sourceTree = "<group>"; };
		E058382519E81FC900A27617 /* UIApplication+Additional.m */ = {isa = PBXFileReference; fileEncoding = 4; lastKnownFileType = sourcecode.c.objc; path = "UIApplication+Additional.m"; sourceTree = "<group>"; };
		E058382619E81FC900A27617 /* UIColor+Additional.h */ = {isa = PBXFileReference; fileEncoding = 4; lastKnownFileType = sourcecode.c.h; path = "UIColor+Additional.h"; sourceTree = "<group>"; };
		E058382719E81FC900A27617 /* UIColor+Additional.m */ = {isa = PBXFileReference; fileEncoding = 4; lastKnownFileType = sourcecode.c.objc; path = "UIColor+Additional.m"; sourceTree = "<group>"; };
		E058382819E81FC900A27617 /* UIImage+Additional.h */ = {isa = PBXFileReference; fileEncoding = 4; lastKnownFileType = sourcecode.c.h; path = "UIImage+Additional.h"; sourceTree = "<group>"; };
		E058382919E81FC900A27617 /* UIImage+Additional.m */ = {isa = PBXFileReference; fileEncoding = 4; lastKnownFileType = sourcecode.c.objc; path = "UIImage+Additional.m"; sourceTree = "<group>"; };
		E058382A19E81FC900A27617 /* UIView+Additional.h */ = {isa = PBXFileReference; fileEncoding = 4; lastKnownFileType = sourcecode.c.h; path = "UIView+Additional.h"; sourceTree = "<group>"; };
		E058382B19E81FC900A27617 /* UIView+Additional.m */ = {isa = PBXFileReference; fileEncoding = 4; lastKnownFileType = sourcecode.c.objc; path = "UIView+Additional.m"; sourceTree = "<group>"; };
		E058382C19E81FC900A27617 /* UIViewController+Addition.h */ = {isa = PBXFileReference; fileEncoding = 4; lastKnownFileType = sourcecode.c.h; path = "UIViewController+Addition.h"; sourceTree = "<group>"; };
		E058382D19E81FC900A27617 /* UIViewController+Addition.m */ = {isa = PBXFileReference; fileEncoding = 4; lastKnownFileType = sourcecode.c.objc; path = "UIViewController+Addition.m"; sourceTree = "<group>"; };
		E08523611A4D2E3B00FFF492 /* NSMutableArray+Addition.h */ = {isa = PBXFileReference; fileEncoding = 4; lastKnownFileType = sourcecode.c.h; path = "NSMutableArray+Addition.h"; sourceTree = "<group>"; };
		E08523621A4D2E3B00FFF492 /* NSMutableArray+Addition.m */ = {isa = PBXFileReference; fileEncoding = 4; lastKnownFileType = sourcecode.c.objc; path = "NSMutableArray+Addition.m"; sourceTree = "<group>"; };
		E09F21DA1A1DD40A008DA0D9 /* Macros.h */ = {isa = PBXFileReference; lastKnownFileType = sourcecode.c.h; path = Macros.h; sourceTree = "<group>"; };
/* End PBXFileReference section */

/* Begin PBXFrameworksBuildPhase section */
		E019EFEC19B733D600F96406 /* Frameworks */ = {
			isa = PBXFrameworksBuildPhase;
			buildActionMask = 2147483647;
			files = (
				E019EFF519B733D600F96406 /* CoreGraphics.framework in Frameworks */,
				E019EFF719B733D600F96406 /* UIKit.framework in Frameworks */,
				E019EFF319B733D600F96406 /* Foundation.framework in Frameworks */,
			);
			runOnlyForDeploymentPostprocessing = 0;
		};
		E019F00D19B733D600F96406 /* Frameworks */ = {
			isa = PBXFrameworksBuildPhase;
			buildActionMask = 2147483647;
			files = (
				E019F01219B733D600F96406 /* XCTest.framework in Frameworks */,
				E019F01419B733D600F96406 /* UIKit.framework in Frameworks */,
				E019F01319B733D600F96406 /* Foundation.framework in Frameworks */,
			);
			runOnlyForDeploymentPostprocessing = 0;
		};
/* End PBXFrameworksBuildPhase section */

/* Begin PBXGroup section */
		E019EFE619B733D600F96406 = {
			isa = PBXGroup;
			children = (
				E058381619E81FC900A27617 /* Source */,
				E019EFF819B733D600F96406 /* SAMCategory */,
				E019F01719B733D600F96406 /* SAMCategoryTests */,
				E019EFF119B733D600F96406 /* Frameworks */,
				E019EFF019B733D600F96406 /* Products */,
			);
			sourceTree = "<group>";
		};
		E019EFF019B733D600F96406 /* Products */ = {
			isa = PBXGroup;
			children = (
				E019EFEF19B733D600F96406 /* SAMCategory.app */,
				E019F01019B733D600F96406 /* SAMCategoryTests.xctest */,
			);
			name = Products;
			sourceTree = "<group>";
		};
		E019EFF119B733D600F96406 /* Frameworks */ = {
			isa = PBXGroup;
			children = (
				E019EFF219B733D600F96406 /* Foundation.framework */,
				E019EFF419B733D600F96406 /* CoreGraphics.framework */,
				E019EFF619B733D600F96406 /* UIKit.framework */,
				E019F01119B733D600F96406 /* XCTest.framework */,
			);
			name = Frameworks;
			sourceTree = "<group>";
		};
		E019EFF819B733D600F96406 /* SAMCategory */ = {
			isa = PBXGroup;
			children = (
				E019F00119B733D600F96406 /* SAMAppDelegate.h */,
				E019F00219B733D600F96406 /* SAMAppDelegate.m */,
				E019F00719B733D600F96406 /* SAMViewController.h */,
				E019F00819B733D600F96406 /* SAMViewController.m */,
				E019F00419B733D600F96406 /* Main.storyboard */,
				E019F00A19B733D600F96406 /* Images.xcassets */,
				E04785471AA244FD002BA96F /* pattern.png */,
				E019EFF919B733D600F96406 /* Supporting Files */,
			);
			path = SAMCategory;
			sourceTree = "<group>";
		};
		E019EFF919B733D600F96406 /* Supporting Files */ = {
			isa = PBXGroup;
			children = (
				E019EFFA19B733D600F96406 /* SAMCategory-Info.plist */,
				E019EFFB19B733D600F96406 /* InfoPlist.strings */,
				E019EFFE19B733D600F96406 /* main.m */,
				E019F00019B733D600F96406 /* SAMCategory-Prefix.pch */,
			);
			name = "Supporting Files";
			sourceTree = "<group>";
		};
		E019F01719B733D600F96406 /* SAMCategoryTests */ = {
			isa = PBXGroup;
			children = (
				E019F01D19B733D600F96406 /* SAMCategoryTests.m */,
				E019F01819B733D600F96406 /* Supporting Files */,
			);
			path = SAMCategoryTests;
			sourceTree = "<group>";
		};
		E019F01819B733D600F96406 /* Supporting Files */ = {
			isa = PBXGroup;
			children = (
				E019F01919B733D600F96406 /* SAMCategoryTests-Info.plist */,
				E019F01A19B733D600F96406 /* InfoPlist.strings */,
			);
			name = "Supporting Files";
			sourceTree = "<group>";
		};
		E058381619E81FC900A27617 /* Source */ = {
			isa = PBXGroup;
			children = (
				E058381719E81FC900A27617 /* Categories.h */,
				E09F21DA1A1DD40A008DA0D9 /* Macros.h */,
				E058381819E81FC900A27617 /* NSData+Conversion.h */,
				E058381919E81FC900A27617 /* NSData+Conversion.m */,
				E058381A19E81FC900A27617 /* NSDate+Additional.h */,
				E058381B19E81FC900A27617 /* NSDate+Additional.m */,
				E058381C19E81FC900A27617 /* NSObject+Additional.h */,
				E058381D19E81FC900A27617 /* NSObject+Additional.m */,
				E058381E19E81FC900A27617 /* NSString+Additional.h */,
				E058381F19E81FC900A27617 /* NSString+Additional.m */,
				E058382019E81FC900A27617 /* SAMUtility.h */,
				E058382119E81FC900A27617 /* SAMUtility.m */,
				E058382219E81FC900A27617 /* UIAlertView+Additional.h */,
				E058382319E81FC900A27617 /* UIAlertView+Additional.m */,
				E058382419E81FC900A27617 /* UIApplication+Additional.h */,
				E058382519E81FC900A27617 /* UIApplication+Additional.m */,
				E058382619E81FC900A27617 /* UIColor+Additional.h */,
				E058382719E81FC900A27617 /* UIColor+Additional.m */,
				E058382819E81FC900A27617 /* UIImage+Additional.h */,
				E058382919E81FC900A27617 /* UIImage+Additional.m */,
				E058382A19E81FC900A27617 /* UIView+Additional.h */,
				E058382B19E81FC900A27617 /* UIView+Additional.m */,
				E058382C19E81FC900A27617 /* UIViewController+Addition.h */,
				E058382D19E81FC900A27617 /* UIViewController+Addition.m */,
				E08523611A4D2E3B00FFF492 /* NSMutableArray+Addition.h */,
				E08523621A4D2E3B00FFF492 /* NSMutableArray+Addition.m */,
				E04785441AA24268002BA96F /* UILabel+Additional.h */,
				E04785451AA24268002BA96F /* UILabel+Additional.m */,
			);
			path = Source;
			sourceTree = "<group>";
		};
/* End PBXGroup section */

/* Begin PBXNativeTarget section */
		E019EFEE19B733D600F96406 /* SAMCategory */ = {
			isa = PBXNativeTarget;
			buildConfigurationList = E019F02119B733D600F96406 /* Build configuration list for PBXNativeTarget "SAMCategory" */;
			buildPhases = (
				E019EFEB19B733D600F96406 /* Sources */,
				E019EFEC19B733D600F96406 /* Frameworks */,
				E019EFED19B733D600F96406 /* Resources */,
			);
			buildRules = (
			);
			dependencies = (
			);
			name = SAMCategory;
			productName = SAMCategory;
			productReference = E019EFEF19B733D600F96406 /* SAMCategory.app */;
			productType = "com.apple.product-type.application";
		};
		E019F00F19B733D600F96406 /* SAMCategoryTests */ = {
			isa = PBXNativeTarget;
			buildConfigurationList = E019F02419B733D600F96406 /* Build configuration list for PBXNativeTarget "SAMCategoryTests" */;
			buildPhases = (
				E019F00C19B733D600F96406 /* Sources */,
				E019F00D19B733D600F96406 /* Frameworks */,
				E019F00E19B733D600F96406 /* Resources */,
			);
			buildRules = (
			);
			dependencies = (
				E019F01619B733D600F96406 /* PBXTargetDependency */,
			);
			name = SAMCategoryTests;
			productName = SAMCategoryTests;
			productReference = E019F01019B733D600F96406 /* SAMCategoryTests.xctest */;
			productType = "com.apple.product-type.bundle.unit-test";
		};
/* End PBXNativeTarget section */

/* Begin PBXProject section */
		E019EFE719B733D600F96406 /* Project object */ = {
			isa = PBXProject;
			attributes = {
				CLASSPREFIX = SAM;
				LastUpgradeCheck = 0510;
				ORGANIZATIONNAME = Pantech;
				TargetAttributes = {
					E019F00F19B733D600F96406 = {
						TestTargetID = E019EFEE19B733D600F96406;
					};
				};
			};
			buildConfigurationList = E019EFEA19B733D600F96406 /* Build configuration list for PBXProject "SAMCategory" */;
			compatibilityVersion = "Xcode 3.2";
			developmentRegion = English;
			hasScannedForEncodings = 0;
			knownRegions = (
				en,
				Base,
			);
			mainGroup = E019EFE619B733D600F96406;
			productRefGroup = E019EFF019B733D600F96406 /* Products */;
			projectDirPath = "";
			projectRoot = "";
			targets = (
				E019EFEE19B733D600F96406 /* SAMCategory */,
				E019F00F19B733D600F96406 /* SAMCategoryTests */,
			);
		};
/* End PBXProject section */

/* Begin PBXResourcesBuildPhase section */
		E019EFED19B733D600F96406 /* Resources */ = {
			isa = PBXResourcesBuildPhase;
			buildActionMask = 2147483647;
			files = (
				E04785481AA244FD002BA96F /* pattern.png in Resources */,
				E019F00B19B733D600F96406 /* Images.xcassets in Resources */,
				E019EFFD19B733D600F96406 /* InfoPlist.strings in Resources */,
				E019F00619B733D600F96406 /* Main.storyboard in Resources */,
			);
			runOnlyForDeploymentPostprocessing = 0;
		};
		E019F00E19B733D600F96406 /* Resources */ = {
			isa = PBXResourcesBuildPhase;
			buildActionMask = 2147483647;
			files = (
				E019F01C19B733D600F96406 /* InfoPlist.strings in Resources */,
			);
			runOnlyForDeploymentPostprocessing = 0;
		};
/* End PBXResourcesBuildPhase section */

/* Begin PBXSourcesBuildPhase section */
		E019EFEB19B733D600F96406 /* Sources */ = {
			isa = PBXSourcesBuildPhase;
			buildActionMask = 2147483647;
			files = (
				E058382F19E81FC900A27617 /* NSDate+Additional.m in Sources */,
				E04785461AA24268002BA96F /* UILabel+Additional.m in Sources */,
				E019F00319B733D600F96406 /* SAMAppDelegate.m in Sources */,
				E058383819E81FC900A27617 /* UIViewController+Addition.m in Sources */,
				E058383119E81FC900A27617 /* NSString+Additional.m in Sources */,
				E058383519E81FC900A27617 /* UIColor+Additional.m in Sources */,
				E058383419E81FC900A27617 /* UIApplication+Additional.m in Sources */,
				E019F00919B733D600F96406 /* SAMViewController.m in Sources */,
				E058383719E81FC900A27617 /* UIView+Additional.m in Sources */,
				E058383219E81FC900A27617 /* SAMUtility.m in Sources */,
				E058382E19E81FC900A27617 /* NSData+Conversion.m in Sources */,
				E058383619E81FC900A27617 /* UIImage+Additional.m in Sources */,
				E058383019E81FC900A27617 /* NSObject+Additional.m in Sources */,
				E058383319E81FC900A27617 /* UIAlertView+Additional.m in Sources */,
				E08523631A4D2E3B00FFF492 /* NSMutableArray+Addition.m in Sources */,
				E019EFFF19B733D600F96406 /* main.m in Sources */,
			);
			runOnlyForDeploymentPostprocessing = 0;
		};
		E019F00C19B733D600F96406 /* Sources */ = {
			isa = PBXSourcesBuildPhase;
			buildActionMask = 2147483647;
			files = (
				E019F01E19B733D600F96406 /* SAMCategoryTests.m in Sources */,
			);
			runOnlyForDeploymentPostprocessing = 0;
		};
/* End PBXSourcesBuildPhase section */

/* Begin PBXTargetDependency section */
		E019F01619B733D600F96406 /* PBXTargetDependency */ = {
			isa = PBXTargetDependency;
			target = E019EFEE19B733D600F96406 /* SAMCategory */;
			targetProxy = E019F01519B733D600F96406 /* PBXContainerItemProxy */;
		};
/* End PBXTargetDependency section */

/* Begin PBXVariantGroup section */
		E019EFFB19B733D600F96406 /* InfoPlist.strings */ = {
			isa = PBXVariantGroup;
			children = (
				E019EFFC19B733D600F96406 /* en */,
			);
			name = InfoPlist.strings;
			sourceTree = "<group>";
		};
		E019F00419B733D600F96406 /* Main.storyboard */ = {
			isa = PBXVariantGroup;
			children = (
				E019F00519B733D600F96406 /* Base */,
			);
			name = Main.storyboard;
			sourceTree = "<group>";
		};
		E019F01A19B733D600F96406 /* InfoPlist.strings */ = {
			isa = PBXVariantGroup;
			children = (
				E019F01B19B733D600F96406 /* en */,
			);
			name = InfoPlist.strings;
			sourceTree = "<group>";
		};
/* End PBXVariantGroup section */

/* Begin XCBuildConfiguration section */
		E019F01F19B733D600F96406 /* Debug */ = {
			isa = XCBuildConfiguration;
			buildSettings = {
				ALWAYS_SEARCH_USER_PATHS = NO;
				CLANG_CXX_LANGUAGE_STANDARD = "gnu++0x";
				CLANG_CXX_LIBRARY = "libc++";
				CLANG_ENABLE_MODULES = YES;
				CLANG_ENABLE_OBJC_ARC = YES;
				CLANG_WARN_BOOL_CONVERSION = YES;
				CLANG_WARN_CONSTANT_CONVERSION = YES;
				CLANG_WARN_DIRECT_OBJC_ISA_USAGE = YES_ERROR;
				CLANG_WARN_EMPTY_BODY = YES;
				CLANG_WARN_ENUM_CONVERSION = YES;
				CLANG_WARN_INT_CONVERSION = YES;
				CLANG_WARN_OBJC_ROOT_CLASS = YES_ERROR;
				CLANG_WARN__DUPLICATE_METHOD_MATCH = YES;
				"CODE_SIGN_IDENTITY[sdk=iphoneos*]" = "iPhone Developer";
				COPY_PHASE_STRIP = NO;
				GCC_C_LANGUAGE_STANDARD = gnu99;
				GCC_DYNAMIC_NO_PIC = NO;
				GCC_OPTIMIZATION_LEVEL = 0;
				GCC_PREPROCESSOR_DEFINITIONS = (
					"DEBUG=1",
					"$(inherited)",
				);
				GCC_SYMBOLS_PRIVATE_EXTERN = NO;
				GCC_WARN_64_TO_32_BIT_CONVERSION = YES;
				GCC_WARN_ABOUT_RETURN_TYPE = YES_ERROR;
				GCC_WARN_UNDECLARED_SELECTOR = YES;
				GCC_WARN_UNINITIALIZED_AUTOS = YES_AGGRESSIVE;
				GCC_WARN_UNUSED_FUNCTION = YES;
				GCC_WARN_UNUSED_VARIABLE = YES;
				IPHONEOS_DEPLOYMENT_TARGET = 7.1;
				ONLY_ACTIVE_ARCH = YES;
				SDKROOT = iphoneos;
			};
			name = Debug;
		};
		E019F02019B733D600F96406 /* Release */ = {
			isa = XCBuildConfiguration;
			buildSettings = {
				ALWAYS_SEARCH_USER_PATHS = NO;
				CLANG_CXX_LANGUAGE_STANDARD = "gnu++0x";
				CLANG_CXX_LIBRARY = "libc++";
				CLANG_ENABLE_MODULES = YES;
				CLANG_ENABLE_OBJC_ARC = YES;
				CLANG_WARN_BOOL_CONVERSION = YES;
				CLANG_WARN_CONSTANT_CONVERSION = YES;
				CLANG_WARN_DIRECT_OBJC_ISA_USAGE = YES_ERROR;
				CLANG_WARN_EMPTY_BODY = YES;
				CLANG_WARN_ENUM_CONVERSION = YES;
				CLANG_WARN_INT_CONVERSION = YES;
				CLANG_WARN_OBJC_ROOT_CLASS = YES_ERROR;
				CLANG_WARN__DUPLICATE_METHOD_MATCH = YES;
				"CODE_SIGN_IDENTITY[sdk=iphoneos*]" = "iPhone Developer";
				COPY_PHASE_STRIP = YES;
				ENABLE_NS_ASSERTIONS = NO;
				GCC_C_LANGUAGE_STANDARD = gnu99;
				GCC_WARN_64_TO_32_BIT_CONVERSION = YES;
				GCC_WARN_ABOUT_RETURN_TYPE = YES_ERROR;
				GCC_WARN_UNDECLARED_SELECTOR = YES;
				GCC_WARN_UNINITIALIZED_AUTOS = YES_AGGRESSIVE;
				GCC_WARN_UNUSED_FUNCTION = YES;
				GCC_WARN_UNUSED_VARIABLE = YES;
				IPHONEOS_DEPLOYMENT_TARGET = 7.1;
				SDKROOT = iphoneos;
				VALIDATE_PRODUCT = YES;
			};
			name = Release;
		};
		E019F02219B733D600F96406 /* Debug */ = {
			isa = XCBuildConfiguration;
			buildSettings = {
				ASSETCATALOG_COMPILER_APPICON_NAME = AppIcon;
				ASSETCATALOG_COMPILER_LAUNCHIMAGE_NAME = LaunchImage;
				GCC_PRECOMPILE_PREFIX_HEADER = YES;
				GCC_PREFIX_HEADER = "SAMCategory/SAMCategory-Prefix.pch";
				INFOPLIST_FILE = "SAMCategory/SAMCategory-Info.plist";
				PRODUCT_NAME = "$(TARGET_NAME)";
				WRAPPER_EXTENSION = app;
			};
			name = Debug;
		};
		E019F02319B733D600F96406 /* Release */ = {
			isa = XCBuildConfiguration;
			buildSettings = {
				ASSETCATALOG_COMPILER_APPICON_NAME = AppIcon;
				ASSETCATALOG_COMPILER_LAUNCHIMAGE_NAME = LaunchImage;
				GCC_PRECOMPILE_PREFIX_HEADER = YES;
				GCC_PREFIX_HEADER = "SAMCategory/SAMCategory-Prefix.pch";
				INFOPLIST_FILE = "SAMCategory/SAMCategory-Info.plist";
				PRODUCT_NAME = "$(TARGET_NAME)";
				WRAPPER_EXTENSION = app;
			};
			name = Release;
		};
		E019F02519B733D600F96406 /* Debug */ = {
			isa = XCBuildConfiguration;
			buildSettings = {
				BUNDLE_LOADER = "$(BUILT_PRODUCTS_DIR)/SAMCategory.app/SAMCategory";
				FRAMEWORK_SEARCH_PATHS = (
					"$(SDKROOT)/Developer/Library/Frameworks",
					"$(inherited)",
					"$(DEVELOPER_FRAMEWORKS_DIR)",
				);
				GCC_PRECOMPILE_PREFIX_HEADER = YES;
				GCC_PREFIX_HEADER = "SAMCategory/SAMCategory-Prefix.pch";
				GCC_PREPROCESSOR_DEFINITIONS = (
					"DEBUG=1",
					"$(inherited)",
				);
				INFOPLIST_FILE = "SAMCategoryTests/SAMCategoryTests-Info.plist";
				PRODUCT_NAME = "$(TARGET_NAME)";
				TEST_HOST = "$(BUNDLE_LOADER)";
				WRAPPER_EXTENSION = xctest;
			};
			name = Debug;
		};
		E019F02619B733D600F96406 /* Release */ = {
			isa = XCBuildConfiguration;
			buildSettings = {
				BUNDLE_LOADER = "$(BUILT_PRODUCTS_DIR)/SAMCategory.app/SAMCategory";
				FRAMEWORK_SEARCH_PATHS = (
					"$(SDKROOT)/Developer/Library/Frameworks",
					"$(inherited)",
					"$(DEVELOPER_FRAMEWORKS_DIR)",
				);
				GCC_PRECOMPILE_PREFIX_HEADER = YES;
				GCC_PREFIX_HEADER = "SAMCategory/SAMCategory-Prefix.pch";
				INFOPLIST_FILE = "SAMCategoryTests/SAMCategoryTests-Info.plist";
				PRODUCT_NAME = "$(TARGET_NAME)";
				TEST_HOST = "$(BUNDLE_LOADER)";
				WRAPPER_EXTENSION = xctest;
			};
			name = Release;
		};
/* End XCBuildConfiguration section */

/* Begin XCConfigurationList section */
		E019EFEA19B733D600F96406 /* Build configuration list for PBXProject "SAMCategory" */ = {
			isa = XCConfigurationList;
			buildConfigurations = (
				E019F01F19B733D600F96406 /* Debug */,
				E019F02019B733D600F96406 /* Release */,
			);
			defaultConfigurationIsVisible = 0;
			defaultConfigurationName = Release;
		};
		E019F02119B733D600F96406 /* Build configuration list for PBXNativeTarget "SAMCategory" */ = {
			isa = XCConfigurationList;
			buildConfigurations = (
				E019F02219B733D600F96406 /* Debug */,
				E019F02319B733D600F96406 /* Release */,
			);
			defaultConfigurationIsVisible = 0;
			defaultConfigurationName = Release;
		};
		E019F02419B733D600F96406 /* Build configuration list for PBXNativeTarget "SAMCategoryTests" */ = {
			isa = XCConfigurationList;
			buildConfigurations = (
				E019F02519B733D600F96406 /* Debug */,
				E019F02619B733D600F96406 /* Release */,
			);
			defaultConfigurationIsVisible = 0;
			defaultConfigurationName = Release;
		};
/* End XCConfigurationList section */
	};
	rootObject = E019EFE719B733D600F96406 /* Project object */;
}
